
Microsoft Visual Studio Solution File, Format Version 11.00
# Visual Studio 2010
Project("{FAE04EC0-301F-11D3-BF4B-00C04F79EFBC}") = "Assembly-CSharp", "Assembly-CSharp.csproj", "{9054C642-E3BF-1A2B-08DD-0474B6DB2A1E}"
EndProject
Project("{FAE04EC0-301F-11D3-BF4B-00C04F79EFBC}") = "Assembly-CSharp-Editor", "Assembly-CSharp-Editor.csproj", "{B77E44FE-ECEB-4220-890D-1A16D638341C}"
EndProject
Global
	GlobalSection(SolutionConfigurationPlatforms) = preSolution
		Debug|Any CPU = Debug|Any CPU
		Release|Any CPU = Release|Any CPU
	EndGlobalSection
	GlobalSection(ProjectConfigurationPlatforms) = postSolution
		{9054C642-E3BF-1A2B-08DD-0474B6DB2A1E}.Debug|Any CPU.ActiveCfg = Debug|Any CPU
		{9054C642-E3BF-1A2B-08DD-0474B6DB2A1E}.Debug|Any CPU.Build.0 = Debug|Any CPU
		{9054C642-E3BF-1A2B-08DD-0474B6DB2A1E}.Release|Any CPU.ActiveCfg = Release|Any CPU
		{9054C642-E3BF-1A2B-08DD-0474B6DB2A1E}.Release|Any CPU.Build.0 = Release|Any CPU
		{B77E44FE-ECEB-4220-890D-1A16D638341C}.Debug|Any CPU.ActiveCfg = Debug|Any CPU
		{B77E44FE-ECEB-4220-890D-1A16D638341C}.Debug|Any CPU.Build.0 = Debug|Any CPU
		{B77E44FE-ECEB-4220-890D-1A16D638341C}.Release|Any CPU.ActiveCfg = Release|Any CPU
		{B77E44FE-ECEB-4220-890D-1A16D638341C}.Release|Any CPU.Build.0 = Release|Any CPU
	EndGlobalSection
	GlobalSection(SolutionProperties) = preSolution
		HideSolutionNode = FALSE
	EndGlobalSection
	GlobalSection(MonoDevelopProperties) = preSolution
		StartupItem = Assembly-CSharp.csproj
	EndGlobalSection
EndGlobal
