
Microsoft Visual Studio Solution File, Format Version 11.00
# Visual Studio 2010
Project("{FAE04EC0-301F-11D3-BF4B-00C04F79EFBC}") = "Assembly-CSharp", "Assembly-CSharp.csproj", "{005DA3B6-6868-1756-CA37-74D2F6F4B715}"
EndProject
Project("{FAE04EC0-301F-11D3-BF4B-00C04F79EFBC}") = "Assembly-CSharp-Editor", "Assembly-CSharp-Editor.csproj", "{230BED29-97D8-506B-8619-5D16F47B3121}"
EndProject
Global
	GlobalSection(SolutionConfigurationPlatforms) = preSolution
		Debug|Any CPU = Debug|Any CPU
		Release|Any CPU = Release|Any CPU
	EndGlobalSection
	GlobalSection(ProjectConfigurationPlatforms) = postSolution
		{005DA3B6-6868-1756-CA37-74D2F6F4B715}.Debug|Any CPU.ActiveCfg = Debug|Any CPU
		{005DA3B6-6868-1756-CA37-74D2F6F4B715}.Debug|Any CPU.Build.0 = Debug|Any CPU
		{005DA3B6-6868-1756-CA37-74D2F6F4B715}.Release|Any CPU.ActiveCfg = Release|Any CPU
		{005DA3B6-6868-1756-CA37-74D2F6F4B715}.Release|Any CPU.Build.0 = Release|Any CPU
		{230BED29-97D8-506B-8619-5D16F47B3121}.Debug|Any CPU.ActiveCfg = Debug|Any CPU
		{230BED29-97D8-506B-8619-5D16F47B3121}.Debug|Any CPU.Build.0 = Debug|Any CPU
		{230BED29-97D8-506B-8619-5D16F47B3121}.Release|Any CPU.ActiveCfg = Release|Any CPU
		{230BED29-97D8-506B-8619-5D16F47B3121}.Release|Any CPU.Build.0 = Release|Any CPU
	EndGlobalSection
	GlobalSection(SolutionProperties) = preSolution
		HideSolutionNode = FALSE
	EndGlobalSection
	GlobalSection(MonoDevelopProperties) = preSolution
		StartupItem = Assembly-CSharp.csproj
	EndGlobalSection
EndGlobal
