
Microsoft Visual Studio Solution File, Format Version 12.00
# Visual Studio 15
Project("{FAE04EC0-301F-11D3-BF4B-00C04F79EFBC}") = "New Game Unity2", "Assembly-CSharp.csproj", "{35C4C462-BD11-D783-9264-6CF5156932CA}"
EndProject
Project("{FAE04EC0-301F-11D3-BF4B-00C04F79EFBC}") = "New Game Unity2", "Assembly-CSharp-Editor.csproj", "{3F054E28-4EF4-9732-2540-7BD64862964E}"
EndProject
Global
	GlobalSection(SolutionConfigurationPlatforms) = preSolution
		Debug|Any CPU = Debug|Any CPU
		Release|Any CPU = Release|Any CPU
	EndGlobalSection
	GlobalSection(ProjectConfigurationPlatforms) = postSolution
		{35C4C462-BD11-D783-9264-6CF5156932CA}.Debug|Any CPU.ActiveCfg = Debug|Any CPU
		{35C4C462-BD11-D783-9264-6CF5156932CA}.Debug|Any CPU.Build.0 = Debug|Any CPU
		{35C4C462-BD11-D783-9264-6CF5156932CA}.Release|Any CPU.ActiveCfg = Release|Any CPU
		{35C4C462-BD11-D783-9264-6CF5156932CA}.Release|Any CPU.Build.0 = Release|Any CPU
		{3F054E28-4EF4-9732-2540-7BD64862964E}.Debug|Any CPU.ActiveCfg = Debug|Any CPU
		{3F054E28-4EF4-9732-2540-7BD64862964E}.Debug|Any CPU.Build.0 = Debug|Any CPU
		{3F054E28-4EF4-9732-2540-7BD64862964E}.Release|Any CPU.ActiveCfg = Release|Any CPU
		{3F054E28-4EF4-9732-2540-7BD64862964E}.Release|Any CPU.Build.0 = Release|Any CPU
	EndGlobalSection
	GlobalSection(SolutionProperties) = preSolution
		HideSolutionNode = FALSE
	EndGlobalSection
EndGlobal
